
Microsoft Visual Studio Solution File, Format Version 12.00
# Visual Studio Version 16
VisualStudioVersion = 16.0.31605.320
MinimumVisualStudioVersion = 10.0.40219.1
Project("{9A19103F-16F7-4668-BE54-9A1E7A4F7556}") = "ssh-mon", "ssh-mon.csproj", "{92E5A15A-434E-46B3-B626-2607E0683324}"
EndProject
Global
	GlobalSection(SolutionConfigurationPlatforms) = preSolution
		Debug|Any CPU = Debug|Any CPU
		Release|Any CPU = Release|Any CPU
	EndGlobalSection
	GlobalSection(ProjectConfigurationPlatforms) = postSolution
		{92E5A15A-434E-46B3-B626-2607E0683324}.Debug|Any CPU.ActiveCfg = Debug|Any CPU
		{92E5A15A-434E-46B3-B626-2607E0683324}.Debug|Any CPU.Build.0 = Debug|Any CPU
		{92E5A15A-434E-46B3-B626-2607E0683324}.Release|Any CPU.ActiveCfg = Release|Any CPU
		{92E5A15A-434E-46B3-B626-2607E0683324}.Release|Any CPU.Build.0 = Release|Any CPU
	EndGlobalSection
	GlobalSection(SolutionProperties) = preSolution
		HideSolutionNode = FALSE
	EndGlobalSection
	GlobalSection(ExtensibilityGlobals) = postSolution
		SolutionGuid = {F9DD8BF2-2FCC-46D2-9496-44E2ED31C7C9}
	EndGlobalSection
EndGlobal
